{
  "name": "shelldelaytest",
  "version": "1.0.0",
  "lockfileVersion": 2,
  "requires": true,
  "packages": {
    "": {
      "name": "shelldelaytest",
      "version": "1.0.0",
      "license": "ISC",
      "dependencies": {
        "csv-writer": "^1.6.0",
        "python-shell": "^2.0.3"
      }
    },
    "node_modules/csv-writer": {
      "version": "1.6.0",
      "resolved": "https://registry.npmjs.org/csv-writer/-/csv-writer-1.6.0.tgz",
      "integrity": "sha512-NOx7YDFWEsM/fTRAJjRpPp8t+MKRVvniAg9wQlUKx20MFrPs73WLJhFf5iteqrxNYnsy924K3Iroh3yNHeYd2g=="
    },
    "node_modules/python-shell": {
      "version": "2.0.3",
      "resolved": "https://registry.npmjs.org/python-shell/-/python-shell-2.0.3.tgz",
      "integrity": "sha512-SBYQzXjexcxmmgzpjdIVxum9tj4Zaov1jNuSGMLssPxRhZ7lxqlpuEtLT0TEed0RAqhGfx2YFVC+imCJOmkVHg==",
      "engines": {
        "node": ">=0.10"
      }
    }
  },
  "dependencies": {
    "csv-writer": {
      "version": "1.6.0",
      "resolved": "https://registry.npmjs.org/csv-writer/-/csv-writer-1.6.0.tgz",
      "integrity": "sha512-NOx7YDFWEsM/fTRAJjRpPp8t+MKRVvniAg9wQlUKx20MFrPs73WLJhFf5iteqrxNYnsy924K3Iroh3yNHeYd2g=="
    },
    "python-shell": {
      "version": "2.0.3",
      "resolved": "https://registry.npmjs.org/python-shell/-/python-shell-2.0.3.tgz",
      "integrity": "sha512-SBYQzXjexcxmmgzpjdIVxum9tj4Zaov1jNuSGMLssPxRhZ7lxqlpuEtLT0TEed0RAqhGfx2YFVC+imCJOmkVHg=="
    }
  }
}
